// !$*UTF8*$!
{
	archiveVersion = 1;
	classes = {
	};
	objectVersion = 56;
	objects = {

/* Begin PBXBuildFile section */
		5821697A2B426313007C342D /* TextLayerWithAnimatableForegroundColor.swift in Sources */ = {isa = PBXBuildFile; fileRef = 582169792B426313007C342D /* TextLayerWithAnimatableForegroundColor.swift */; };
		58B5CC4E2AC8C9E2003EB057 /* TextLabel in Frameworks */ = {isa = PBXBuildFile; productRef = 58B5CC4D2AC8C9E2003EB057 /* TextLabel */; };
		58FCD27F2AC8C93900240865 /* ExampleApp.swift in Sources */ = {isa = PBXBuildFile; fileRef = 58FCD27E2AC8C93900240865 /* ExampleApp.swift */; };
		58FCD2812AC8C93900240865 /* ContentView.swift in Sources */ = {isa = PBXBuildFile; fileRef = 58FCD2802AC8C93900240865 /* ContentView.swift */; };
		58FCD2832AC8C93A00240865 /* Assets.xcassets in Resources */ = {isa = PBXBuildFile; fileRef = 58FCD2822AC8C93A00240865 /* Assets.xcassets */; };
		58FCD2862AC8C93A00240865 /* Preview Assets.xcassets in Resources */ = {isa = PBXBuildFile; fileRef = 58FCD2852AC8C93A00240865 /* Preview Assets.xcassets */; };
		58FCD2902AC8C93B00240865 /* ExampleTests.swift in Sources */ = {isa = PBXBuildFile; fileRef = 58FCD28F2AC8C93B00240865 /* ExampleTests.swift */; };
		58FCD29A2AC8C93B00240865 /* ExampleUITests.swift in Sources */ = {isa = PBXBuildFile; fileRef = 58FCD2992AC8C93B00240865 /* ExampleUITests.swift */; };
		58FCD29C2AC8C93B00240865 /* ExampleUITestsLaunchTests.swift in Sources */ = {isa = PBXBuildFile; fileRef = 58FCD29B2AC8C93B00240865 /* ExampleUITestsLaunchTests.swift */; };
/* End PBXBuildFile section */

/* Begin PBXContainerItemProxy section */
		58FCD28C2AC8C93B00240865 /* PBXContainerItemProxy */ = {
			isa = PBXContainerItemProxy;
			containerPortal = 58FCD2732AC8C93900240865 /* Project object */;
			proxyType = 1;
			remoteGlobalIDString = 58FCD27A2AC8C93900240865;
			remoteInfo = Example;
		};
		58FCD2962AC8C93B00240865 /* PBXContainerItemProxy */ = {
			isa = PBXContainerItemProxy;
			containerPortal = 58FCD2732AC8C93900240865 /* Project object */;
			proxyType = 1;
			remoteGlobalIDString = 58FCD27A2AC8C93900240865;
			remoteInfo = Example;
		};
/* End PBXContainerItemProxy section */

/* Begin PBXFileReference section */
		582169792B426313007C342D /* TextLayerWithAnimatableForegroundColor.swift */ = {isa = PBXFileReference; lastKnownFileType = sourcecode.swift; path = TextLayerWithAnimatableForegroundColor.swift; sourceTree = "<group>"; };
		58FCD27B2AC8C93900240865 /* Example.app */ = {isa = PBXFileReference; explicitFileType = wrapper.application; includeInIndex = 0; path = Example.app; sourceTree = BUILT_PRODUCTS_DIR; };
		58FCD27E2AC8C93900240865 /* ExampleApp.swift */ = {isa = PBXFileReference; lastKnownFileType = sourcecode.swift; path = ExampleApp.swift; sourceTree = "<group>"; };
		58FCD2802AC8C93900240865 /* ContentView.swift */ = {isa = PBXFileReference; lastKnownFileType = sourcecode.swift; path = ContentView.swift; sourceTree = "<group>"; };
		58FCD2822AC8C93A00240865 /* Assets.xcassets */ = {isa = PBXFileReference; lastKnownFileType = folder.assetcatalog; path = Assets.xcassets; sourceTree = "<group>"; };
		58FCD2852AC8C93A00240865 /* Preview Assets.xcassets */ = {isa = PBXFileReference; lastKnownFileType = folder.assetcatalog; path = "Preview Assets.xcassets"; sourceTree = "<group>"; };
		58FCD28B2AC8C93B00240865 /* ExampleTests.xctest */ = {isa = PBXFileReference; explicitFileType = wrapper.cfbundle; includeInIndex = 0; path = ExampleTests.xctest; sourceTree = BUILT_PRODUCTS_DIR; };
		58FCD28F2AC8C93B00240865 /* ExampleTests.swift */ = {isa = PBXFileReference; lastKnownFileType = sourcecode.swift; path = ExampleTests.swift; sourceTree = "<group>"; };
		58FCD2952AC8C93B00240865 /* ExampleUITests.xctest */ = {isa = PBXFileReference; explicitFileType = wrapper.cfbundle; includeInIndex = 0; path = ExampleUITests.xctest; sourceTree = BUILT_PRODUCTS_DIR; };
		58FCD2992AC8C93B00240865 /* ExampleUITests.swift */ = {isa = PBXFileReference; lastKnownFileType = sourcecode.swift; path = ExampleUITests.swift; sourceTree = "<group>"; };
		58FCD29B2AC8C93B00240865 /* ExampleUITestsLaunchTests.swift */ = {isa = PBXFileReference; lastKnownFileType = sourcecode.swift; path = ExampleUITestsLaunchTests.swift; sourceTree = "<group>"; };
/* End PBXFileReference section */

/* Begin PBXFrameworksBuildPhase section */
		58FCD2782AC8C93900240865 /* Frameworks */ = {
			isa = PBXFrameworksBuildPhase;
			buildActionMask = 2147483647;
			files = (
				58B5CC4E2AC8C9E2003EB057 /* TextLabel in Frameworks */,
			);
			runOnlyForDeploymentPostprocessing = 0;
		};
		58FCD2882AC8C93B00240865 /* Frameworks */ = {
			isa = PBXFrameworksBuildPhase;
			buildActionMask = 2147483647;
			files = (
			);
			runOnlyForDeploymentPostprocessing = 0;
		};
		58FCD2922AC8C93B00240865 /* Frameworks */ = {
			isa = PBXFrameworksBuildPhase;
			buildActionMask = 2147483647;
			files = (
			);
			runOnlyForDeploymentPostprocessing = 0;
		};
/* End PBXFrameworksBuildPhase section */

/* Begin PBXGroup section */
		58FCD2722AC8C93900240865 = {
			isa = PBXGroup;
			children = (
				58FCD27D2AC8C93900240865 /* Example */,
				58FCD28E2AC8C93B00240865 /* ExampleTests */,
				58FCD2982AC8C93B00240865 /* ExampleUITests */,
				58FCD27C2AC8C93900240865 /* Products */,
			);
			sourceTree = "<group>";
		};
		58FCD27C2AC8C93900240865 /* Products */ = {
			isa = PBXGroup;
			children = (
				58FCD27B2AC8C93900240865 /* Example.app */,
				58FCD28B2AC8C93B00240865 /* ExampleTests.xctest */,
				58FCD2952AC8C93B00240865 /* ExampleUITests.xctest */,
			);
			name = Products;
			sourceTree = "<group>";
		};
		58FCD27D2AC8C93900240865 /* Example */ = {
			isa = PBXGroup;
			children = (
				58FCD27E2AC8C93900240865 /* ExampleApp.swift */,
				58FCD2802AC8C93900240865 /* ContentView.swift */,
				58FCD2822AC8C93A00240865 /* Assets.xcassets */,
				58FCD2842AC8C93A00240865 /* Preview Content */,
				582169792B426313007C342D /* TextLayerWithAnimatableForegroundColor.swift */,
			);
			path = Example;
			sourceTree = "<group>";
		};
		58FCD2842AC8C93A00240865 /* Preview Content */ = {
			isa = PBXGroup;
			children = (
				58FCD2852AC8C93A00240865 /* Preview Assets.xcassets */,
			);
			path = "Preview Content";
			sourceTree = "<group>";
		};
		58FCD28E2AC8C93B00240865 /* ExampleTests */ = {
			isa = PBXGroup;
			children = (
				58FCD28F2AC8C93B00240865 /* ExampleTests.swift */,
			);
			path = ExampleTests;
			sourceTree = "<group>";
		};
		58FCD2982AC8C93B00240865 /* ExampleUITests */ = {
			isa = PBXGroup;
			children = (
				58FCD2992AC8C93B00240865 /* ExampleUITests.swift */,
				58FCD29B2AC8C93B00240865 /* ExampleUITestsLaunchTests.swift */,
			);
			path = ExampleUITests;
			sourceTree = "<group>";
		};
/* End PBXGroup section */

/* Begin PBXNativeTarget section */
		58FCD27A2AC8C93900240865 /* Example */ = {
			isa = PBXNativeTarget;
			buildConfigurationList = 58FCD29F2AC8C93B00240865 /* Build configuration list for PBXNativeTarget "Example" */;
			buildPhases = (
				58FCD2772AC8C93900240865 /* Sources */,
				58FCD2782AC8C93900240865 /* Frameworks */,
				58FCD2792AC8C93900240865 /* Resources */,
			);
			buildRules = (
			);
			dependencies = (
			);
			name = Example;
			packageProductDependencies = (
				58B5CC4D2AC8C9E2003EB057 /* TextLabel */,
			);
			productName = Example;
			productReference = 58FCD27B2AC8C93900240865 /* Example.app */;
			productType = "com.apple.product-type.application";
		};
		58FCD28A2AC8C93B00240865 /* ExampleTests */ = {
			isa = PBXNativeTarget;
			buildConfigurationList = 58FCD2A22AC8C93B00240865 /* Build configuration list for PBXNativeTarget "ExampleTests" */;
			buildPhases = (
				58FCD2872AC8C93B00240865 /* Sources */,
				58FCD2882AC8C93B00240865 /* Frameworks */,
				58FCD2892AC8C93B00240865 /* Resources */,
			);
			buildRules = (
			);
			dependencies = (
				58FCD28D2AC8C93B00240865 /* PBXTargetDependency */,
			);
			name = ExampleTests;
			productName = ExampleTests;
			productReference = 58FCD28B2AC8C93B00240865 /* ExampleTests.xctest */;
			productType = "com.apple.product-type.bundle.unit-test";
		};
		58FCD2942AC8C93B00240865 /* ExampleUITests */ = {
			isa = PBXNativeTarget;
			buildConfigurationList = 58FCD2A52AC8C93B00240865 /* Build configuration list for PBXNativeTarget "ExampleUITests" */;
			buildPhases = (
				58FCD2912AC8C93B00240865 /* Sources */,
				58FCD2922AC8C93B00240865 /* Frameworks */,
				58FCD2932AC8C93B00240865 /* Resources */,
			);
			buildRules = (
			);
			dependencies = (
				58FCD2972AC8C93B00240865 /* PBXTargetDependency */,
			);
			name = ExampleUITests;
			productName = ExampleUITests;
			productReference = 58FCD2952AC8C93B00240865 /* ExampleUITests.xctest */;
			productType = "com.apple.product-type.bundle.ui-testing";
		};
/* End PBXNativeTarget section */

/* Begin PBXProject section */
		58FCD2732AC8C93900240865 /* Project object */ = {
			isa = PBXProject;
			attributes = {
				BuildIndependentTargetsInParallel = 1;
				LastSwiftUpdateCheck = 1500;
				LastUpgradeCheck = 1500;
				TargetAttributes = {
					58FCD27A2AC8C93900240865 = {
						CreatedOnToolsVersion = 15.0;
					};
					58FCD28A2AC8C93B00240865 = {
						CreatedOnToolsVersion = 15.0;
						TestTargetID = 58FCD27A2AC8C93900240865;
					};
					58FCD2942AC8C93B00240865 = {
						CreatedOnToolsVersion = 15.0;
						TestTargetID = 58FCD27A2AC8C93900240865;
					};
				};
			};
			buildConfigurationList = 58FCD2762AC8C93900240865 /* Build configuration list for PBXProject "Example" */;
			compatibilityVersion = "Xcode 14.0";
			developmentRegion = en;
			hasScannedForEncodings = 0;
			knownRegions = (
				en,
				Base,
			);
			mainGroup = 58FCD2722AC8C93900240865;
			packageReferences = (
				58B5CC4C2AC8C9E2003EB057 /* XCRemoteSwiftPackageReference "TextLabel" */,
			);
			productRefGroup = 58FCD27C2AC8C93900240865 /* Products */;
			projectDirPath = "";
			projectRoot = "";
			targets = (
				58FCD27A2AC8C93900240865 /* Example */,
				58FCD28A2AC8C93B00240865 /* ExampleTests */,
				58FCD2942AC8C93B00240865 /* ExampleUITests */,
			);
		};
/* End PBXProject section */

/* Begin PBXResourcesBuildPhase section */
		58FCD2792AC8C93900240865 /* Resources */ = {
			isa = PBXResourcesBuildPhase;
			buildActionMask = 2147483647;
			files = (
				58FCD2862AC8C93A00240865 /* Preview Assets.xcassets in Resources */,
				58FCD2832AC8C93A00240865 /* Assets.xcassets in Resources */,
			);
			runOnlyForDeploymentPostprocessing = 0;
		};
		58FCD2892AC8C93B00240865 /* Resources */ = {
			isa = PBXResourcesBuildPhase;
			buildActionMask = 2147483647;
			files = (
			);
			runOnlyForDeploymentPostprocessing = 0;
		};
		58FCD2932AC8C93B00240865 /* Resources */ = {
			isa = PBXResourcesBuildPhase;
			buildActionMask = 2147483647;
			files = (
			);
			runOnlyForDeploymentPostprocessing = 0;
		};
/* End PBXResourcesBuildPhase section */

/* Begin PBXSourcesBuildPhase section */
		58FCD2772AC8C93900240865 /* Sources */ = {
			isa = PBXSourcesBuildPhase;
			buildActionMask = 2147483647;
			files = (
				58FCD2812AC8C93900240865 /* ContentView.swift in Sources */,
				5821697A2B426313007C342D /* TextLayerWithAnimatableForegroundColor.swift in Sources */,
				58FCD27F2AC8C93900240865 /* ExampleApp.swift in Sources */,
			);
			runOnlyForDeploymentPostprocessing = 0;
		};
		58FCD2872AC8C93B00240865 /* Sources */ = {
			isa = PBXSourcesBuildPhase;
			buildActionMask = 2147483647;
			files = (
				58FCD2902AC8C93B00240865 /* ExampleTests.swift in Sources */,
			);
			runOnlyForDeploymentPostprocessing = 0;
		};
		58FCD2912AC8C93B00240865 /* Sources */ = {
			isa = PBXSourcesBuildPhase;
			buildActionMask = 2147483647;
			files = (
				58FCD29A2AC8C93B00240865 /* ExampleUITests.swift in Sources */,
				58FCD29C2AC8C93B00240865 /* ExampleUITestsLaunchTests.swift in Sources */,
			);
			runOnlyForDeploymentPostprocessing = 0;
		};
/* End PBXSourcesBuildPhase section */

/* Begin PBXTargetDependency section */
		58FCD28D2AC8C93B00240865 /* PBXTargetDependency */ = {
			isa = PBXTargetDependency;
			target = 58FCD27A2AC8C93900240865 /* Example */;
			targetProxy = 58FCD28C2AC8C93B00240865 /* PBXContainerItemProxy */;
		};
		58FCD2972AC8C93B00240865 /* PBXTargetDependency */ = {
			isa = PBXTargetDependency;
			target = 58FCD27A2AC8C93900240865 /* Example */;
			targetProxy = 58FCD2962AC8C93B00240865 /* PBXContainerItemProxy */;
		};
/* End PBXTargetDependency section */

/* Begin XCBuildConfiguration section */
		58FCD29D2AC8C93B00240865 /* Debug */ = {
			isa = XCBuildConfiguration;
			buildSettings = {
				ALWAYS_SEARCH_USER_PATHS = NO;
				ASSETCATALOG_COMPILER_GENERATE_SWIFT_ASSET_SYMBOL_EXTENSIONS = YES;
				CLANG_ANALYZER_NONNULL = YES;
				CLANG_ANALYZER_NUMBER_OBJECT_CONVERSION = YES_AGGRESSIVE;
				CLANG_CXX_LANGUAGE_STANDARD = "gnu++20";
				CLANG_ENABLE_MODULES = YES;
				CLANG_ENABLE_OBJC_ARC = YES;
				CLANG_ENABLE_OBJC_WEAK = YES;
				CLANG_WARN_BLOCK_CAPTURE_AUTORELEASING = YES;
				CLANG_WARN_BOOL_CONVERSION = YES;
				CLANG_WARN_COMMA = YES;
				CLANG_WARN_CONSTANT_CONVERSION = YES;
				CLANG_WARN_DEPRECATED_OBJC_IMPLEMENTATIONS = YES;
				CLANG_WARN_DIRECT_OBJC_ISA_USAGE = YES_ERROR;
				CLANG_WARN_DOCUMENTATION_COMMENTS = YES;
				CLANG_WARN_EMPTY_BODY = YES;
				CLANG_WARN_ENUM_CONVERSION = YES;
				CLANG_WARN_INFINITE_RECURSION = YES;
				CLANG_WARN_INT_CONVERSION = YES;
				CLANG_WARN_NON_LITERAL_NULL_CONVERSION = YES;
				CLANG_WARN_OBJC_IMPLICIT_RETAIN_SELF = YES;
				CLANG_WARN_OBJC_LITERAL_CONVERSION = YES;
				CLANG_WARN_OBJC_ROOT_CLASS = YES_ERROR;
				CLANG_WARN_QUOTED_INCLUDE_IN_FRAMEWORK_HEADER = YES;
				CLANG_WARN_RANGE_LOOP_ANALYSIS = YES;
				CLANG_WARN_STRICT_PROTOTYPES = YES;
				CLANG_WARN_SUSPICIOUS_MOVE = YES;
				CLANG_WARN_UNGUARDED_AVAILABILITY = YES_AGGRESSIVE;
				CLANG_WARN_UNREACHABLE_CODE = YES;
				CLANG_WARN__DUPLICATE_METHOD_MATCH = YES;
				COPY_PHASE_STRIP = NO;
				DEBUG_INFORMATION_FORMAT = dwarf;
				ENABLE_STRICT_OBJC_MSGSEND = YES;
				ENABLE_TESTABILITY = YES;
				ENABLE_USER_SCRIPT_SANDBOXING = YES;
				GCC_C_LANGUAGE_STANDARD = gnu17;
				GCC_DYNAMIC_NO_PIC = NO;
				GCC_NO_COMMON_BLOCKS = YES;
				GCC_OPTIMIZATION_LEVEL = 0;
				GCC_PREPROCESSOR_DEFINITIONS = (
					"DEBUG=1",
					"$(inherited)",
				);
				GCC_WARN_64_TO_32_BIT_CONVERSION = YES;
				GCC_WARN_ABOUT_RETURN_TYPE = YES_ERROR;
				GCC_WARN_UNDECLARED_SELECTOR = YES;
				GCC_WARN_UNINITIALIZED_AUTOS = YES_AGGRESSIVE;
				GCC_WARN_UNUSED_FUNCTION = YES;
				GCC_WARN_UNUSED_VARIABLE = YES;
				IPHONEOS_DEPLOYMENT_TARGET = 17.0;
				LOCALIZATION_PREFERS_STRING_CATALOGS = YES;
				MTL_ENABLE_DEBUG_INFO = INCLUDE_SOURCE;
				MTL_FAST_MATH = YES;
				ONLY_ACTIVE_ARCH = YES;
				SDKROOT = iphoneos;
				SWIFT_ACTIVE_COMPILATION_CONDITIONS = "DEBUG $(inherited)";
				SWIFT_OPTIMIZATION_LEVEL = "-Onone";
			};
			name = Debug;
		};
		58FCD29E2AC8C93B00240865 /* Release */ = {
			isa = XCBuildConfiguration;
			buildSettings = {
				ALWAYS_SEARCH_USER_PATHS = NO;
				ASSETCATALOG_COMPILER_GENERATE_SWIFT_ASSET_SYMBOL_EXTENSIONS = YES;
				CLANG_ANALYZER_NONNULL = YES;
				CLANG_ANALYZER_NUMBER_OBJECT_CONVERSION = YES_AGGRESSIVE;
				CLANG_CXX_LANGUAGE_STANDARD = "gnu++20";
				CLANG_ENABLE_MODULES = YES;
				CLANG_ENABLE_OBJC_ARC = YES;
				CLANG_ENABLE_OBJC_WEAK = YES;
				CLANG_WARN_BLOCK_CAPTURE_AUTORELEASING = YES;
				CLANG_WARN_BOOL_CONVERSION = YES;
				CLANG_WARN_COMMA = YES;
				CLANG_WARN_CONSTANT_CONVERSION = YES;
				CLANG_WARN_DEPRECATED_OBJC_IMPLEMENTATIONS = YES;
				CLANG_WARN_DIRECT_OBJC_ISA_USAGE = YES_ERROR;
				CLANG_WARN_DOCUMENTATION_COMMENTS = YES;
				CLANG_WARN_EMPTY_BODY = YES;
				CLANG_WARN_ENUM_CONVERSION = YES;
				CLANG_WARN_INFINITE_RECURSION = YES;
				CLANG_WARN_INT_CONVERSION = YES;
				CLANG_WARN_NON_LITERAL_NULL_CONVERSION = YES;
				CLANG_WARN_OBJC_IMPLICIT_RETAIN_SELF = YES;
				CLANG_WARN_OBJC_LITERAL_CONVERSION = YES;
				CLANG_WARN_OBJC_ROOT_CLASS = YES_ERROR;
				CLANG_WARN_QUOTED_INCLUDE_IN_FRAMEWORK_HEADER = YES;
				CLANG_WARN_RANGE_LOOP_ANALYSIS = YES;
				CLANG_WARN_STRICT_PROTOTYPES = YES;
				CLANG_WARN_SUSPICIOUS_MOVE = YES;
				CLANG_WARN_UNGUARDED_AVAILABILITY = YES_AGGRESSIVE;
				CLANG_WARN_UNREACHABLE_CODE = YES;
				CLANG_WARN__DUPLICATE_METHOD_MATCH = YES;
				COPY_PHASE_STRIP = NO;
				DEBUG_INFORMATION_FORMAT = "dwarf-with-dsym";
				ENABLE_NS_ASSERTIONS = NO;
				ENABLE_STRICT_OBJC_MSGSEND = YES;
				ENABLE_USER_SCRIPT_SANDBOXING = YES;
				GCC_C_LANGUAGE_STANDARD = gnu17;
				GCC_NO_COMMON_BLOCKS = YES;
				GCC_WARN_64_TO_32_BIT_CONVERSION = YES;
				GCC_WARN_ABOUT_RETURN_TYPE = YES_ERROR;
				GCC_WARN_UNDECLARED_SELECTOR = YES;
				GCC_WARN_UNINITIALIZED_AUTOS = YES_AGGRESSIVE;
				GCC_WARN_UNUSED_FUNCTION = YES;
				GCC_WARN_UNUSED_VARIABLE = YES;
				IPHONEOS_DEPLOYMENT_TARGET = 17.0;
				LOCALIZATION_PREFERS_STRING_CATALOGS = YES;
				MTL_ENABLE_DEBUG_INFO = NO;
				MTL_FAST_MATH = YES;
				SDKROOT = iphoneos;
				SWIFT_COMPILATION_MODE = wholemodule;
				VALIDATE_PRODUCT = YES;
			};
			name = Release;
		};
		58FCD2A02AC8C93B00240865 /* Debug */ = {
			isa = XCBuildConfiguration;
			buildSettings = {
				ASSETCATALOG_COMPILER_APPICON_NAME = AppIcon;
				ASSETCATALOG_COMPILER_GLOBAL_ACCENT_COLOR_NAME = AccentColor;
				CODE_SIGN_STYLE = Automatic;
				CURRENT_PROJECT_VERSION = 1;
				DEVELOPMENT_ASSET_PATHS = "\"Example/Preview Content\"";
				ENABLE_PREVIEWS = YES;
				GENERATE_INFOPLIST_FILE = YES;
				INFOPLIST_KEY_UIApplicationSceneManifest_Generation = YES;
				INFOPLIST_KEY_UIApplicationSupportsIndirectInputEvents = YES;
				INFOPLIST_KEY_UILaunchScreen_Generation = YES;
				INFOPLIST_KEY_UISupportedInterfaceOrientations_iPad = "UIInterfaceOrientationPortrait UIInterfaceOrientationPortraitUpsideDown UIInterfaceOrientationLandscapeLeft UIInterfaceOrientationLandscapeRight";
				INFOPLIST_KEY_UISupportedInterfaceOrientations_iPhone = "UIInterfaceOrientationPortrait UIInterfaceOrientationLandscapeLeft UIInterfaceOrientationLandscapeRight";
				LD_RUNPATH_SEARCH_PATHS = (
					"$(inherited)",
					"@executable_path/Frameworks",
				);
				MARKETING_VERSION = 1.0;
				PRODUCT_BUNDLE_IDENTIFIER = hu.example.text.label.Example;
				PRODUCT_NAME = "$(TARGET_NAME)";
				SWIFT_EMIT_LOC_STRINGS = YES;
				SWIFT_VERSION = 5.0;
				TARGETED_DEVICE_FAMILY = "1,2";
			};
			name = Debug;
		};
		58FCD2A12AC8C93B00240865 /* Release */ = {
			isa = XCBuildConfiguration;
			buildSettings = {
				ASSETCATALOG_COMPILER_APPICON_NAME = AppIcon;
				ASSETCATALOG_COMPILER_GLOBAL_ACCENT_COLOR_NAME = AccentColor;
				CODE_SIGN_STYLE = Automatic;
				CURRENT_PROJECT_VERSION = 1;
				DEVELOPMENT_ASSET_PATHS = "\"Example/Preview Content\"";
				ENABLE_PREVIEWS = YES;
				GENERATE_INFOPLIST_FILE = YES;
				INFOPLIST_KEY_UIApplicationSceneManifest_Generation = YES;
				INFOPLIST_KEY_UIApplicationSupportsIndirectInputEvents = YES;
				INFOPLIST_KEY_UILaunchScreen_Generation = YES;
				INFOPLIST_KEY_UISupportedInterfaceOrientations_iPad = "UIInterfaceOrientationPortrait UIInterfaceOrientationPortraitUpsideDown UIInterfaceOrientationLandscapeLeft UIInterfaceOrientationLandscapeRight";
				INFOPLIST_KEY_UISupportedInterfaceOrientations_iPhone = "UIInterfaceOrientationPortrait UIInterfaceOrientationLandscapeLeft UIInterfaceOrientationLandscapeRight";
				LD_RUNPATH_SEARCH_PATHS = (
					"$(inherited)",
					"@executable_path/Frameworks",
				);
				MARKETING_VERSION = 1.0;
				PRODUCT_BUNDLE_IDENTIFIER = hu.example.text.label.Example;
				PRODUCT_NAME = "$(TARGET_NAME)";
				SWIFT_EMIT_LOC_STRINGS = YES;
				SWIFT_VERSION = 5.0;
				TARGETED_DEVICE_FAMILY = "1,2";
			};
			name = Release;
		};
		58FCD2A32AC8C93B00240865 /* Debug */ = {
			isa = XCBuildConfiguration;
			buildSettings = {
				ALWAYS_EMBED_SWIFT_STANDARD_LIBRARIES = YES;
				BUNDLE_LOADER = "$(TEST_HOST)";
				CODE_SIGN_STYLE = Automatic;
				CURRENT_PROJECT_VERSION = 1;
				GENERATE_INFOPLIST_FILE = YES;
				IPHONEOS_DEPLOYMENT_TARGET = 17.0;
				MARKETING_VERSION = 1.0;
				PRODUCT_BUNDLE_IDENTIFIER = hu.example.text.label.ExampleTests;
				PRODUCT_NAME = "$(TARGET_NAME)";
				SWIFT_EMIT_LOC_STRINGS = NO;
				SWIFT_VERSION = 5.0;
				TARGETED_DEVICE_FAMILY = "1,2";
				TEST_HOST = "$(BUILT_PRODUCTS_DIR)/Example.app/$(BUNDLE_EXECUTABLE_FOLDER_PATH)/Example";
			};
			name = Debug;
		};
		58FCD2A42AC8C93B00240865 /* Release */ = {
			isa = XCBuildConfiguration;
			buildSettings = {
				ALWAYS_EMBED_SWIFT_STANDARD_LIBRARIES = YES;
				BUNDLE_LOADER = "$(TEST_HOST)";
				CODE_SIGN_STYLE = Automatic;
				CURRENT_PROJECT_VERSION = 1;
				GENERATE_INFOPLIST_FILE = YES;
				IPHONEOS_DEPLOYMENT_TARGET = 17.0;
				MARKETING_VERSION = 1.0;
				PRODUCT_BUNDLE_IDENTIFIER = hu.example.text.label.ExampleTests;
				PRODUCT_NAME = "$(TARGET_NAME)";
				SWIFT_EMIT_LOC_STRINGS = NO;
				SWIFT_VERSION = 5.0;
				TARGETED_DEVICE_FAMILY = "1,2";
				TEST_HOST = "$(BUILT_PRODUCTS_DIR)/Example.app/$(BUNDLE_EXECUTABLE_FOLDER_PATH)/Example";
			};
			name = Release;
		};
		58FCD2A62AC8C93B00240865 /* Debug */ = {
			isa = XCBuildConfiguration;
			buildSettings = {
				ALWAYS_EMBED_SWIFT_STANDARD_LIBRARIES = YES;
				CODE_SIGN_STYLE = Automatic;
				CURRENT_PROJECT_VERSION = 1;
				GENERATE_INFOPLIST_FILE = YES;
				MARKETING_VERSION = 1.0;
				PRODUCT_BUNDLE_IDENTIFIER = hu.example.text.label.ExampleUITests;
				PRODUCT_NAME = "$(TARGET_NAME)";
				SWIFT_EMIT_LOC_STRINGS = NO;
				SWIFT_VERSION = 5.0;
				TARGETED_DEVICE_FAMILY = "1,2";
				TEST_TARGET_NAME = Example;
			};
			name = Debug;
		};
		58FCD2A72AC8C93B00240865 /* Release */ = {
			isa = XCBuildConfiguration;
			buildSettings = {
				ALWAYS_EMBED_SWIFT_STANDARD_LIBRARIES = YES;
				CODE_SIGN_STYLE = Automatic;
				CURRENT_PROJECT_VERSION = 1;
				GENERATE_INFOPLIST_FILE = YES;
				MARKETING_VERSION = 1.0;
				PRODUCT_BUNDLE_IDENTIFIER = hu.example.text.label.ExampleUITests;
				PRODUCT_NAME = "$(TARGET_NAME)";
				SWIFT_EMIT_LOC_STRINGS = NO;
				SWIFT_VERSION = 5.0;
				TARGETED_DEVICE_FAMILY = "1,2";
				TEST_TARGET_NAME = Example;
			};
			name = Release;
		};
/* End XCBuildConfiguration section */

/* Begin XCConfigurationList section */
		58FCD2762AC8C93900240865 /* Build configuration list for PBXProject "Example" */ = {
			isa = XCConfigurationList;
			buildConfigurations = (
				58FCD29D2AC8C93B00240865 /* Debug */,
				58FCD29E2AC8C93B00240865 /* Release */,
			);
			defaultConfigurationIsVisible = 0;
			defaultConfigurationName = Release;
		};
		58FCD29F2AC8C93B00240865 /* Build configuration list for PBXNativeTarget "Example" */ = {
			isa = XCConfigurationList;
			buildConfigurations = (
				58FCD2A02AC8C93B00240865 /* Debug */,
				58FCD2A12AC8C93B00240865 /* Release */,
			);
			defaultConfigurationIsVisible = 0;
			defaultConfigurationName = Release;
		};
		58FCD2A22AC8C93B00240865 /* Build configuration list for PBXNativeTarget "ExampleTests" */ = {
			isa = XCConfigurationList;
			buildConfigurations = (
				58FCD2A32AC8C93B00240865 /* Debug */,
				58FCD2A42AC8C93B00240865 /* Release */,
			);
			defaultConfigurationIsVisible = 0;
			defaultConfigurationName = Release;
		};
		58FCD2A52AC8C93B00240865 /* Build configuration list for PBXNativeTarget "ExampleUITests" */ = {
			isa = XCConfigurationList;
			buildConfigurations = (
				58FCD2A62AC8C93B00240865 /* Debug */,
				58FCD2A72AC8C93B00240865 /* Release */,
			);
			defaultConfigurationIsVisible = 0;
			defaultConfigurationName = Release;
		};
/* End XCConfigurationList section */

/* Begin XCRemoteSwiftPackageReference section */
		58B5CC4C2AC8C9E2003EB057 /* XCRemoteSwiftPackageReference "TextLabel" */ = {
			isa = XCRemoteSwiftPackageReference;
			repositoryURL = "https://github.com/stateman92/TextLabel";
			requirement = {
				kind = exactVersion;
				version = 0.0.2;
			};
		};
/* End XCRemoteSwiftPackageReference section */

/* Begin XCSwiftPackageProductDependency section */
		58B5CC4D2AC8C9E2003EB057 /* TextLabel */ = {
			isa = XCSwiftPackageProductDependency;
			package = 58B5CC4C2AC8C9E2003EB057 /* XCRemoteSwiftPackageReference "TextLabel" */;
			productName = TextLabel;
		};
/* End XCSwiftPackageProductDependency section */
	};
	rootObject = 58FCD2732AC8C93900240865 /* Project object */;
}
