{
  "pins" : [
    {
      "identity" : "textlabel",
      "kind" : "remoteSourceControl",
      "location" : "https://github.com/stateman92/TextLabel",
      "state" : {
        "revision" : "cdd9a7ca21b8ef673c56eac59b41f2c9623f4a76",
        "version" : "0.0.2"
      }
    }
  ],
  "version" : 2
}
